
Microsoft Visual Studio Solution File, Format Version 12.00
Project("{2150E333-8FDC-42A3-9474-1A3956D46DE8}") = "src", "src", "{931C972A-0606-4B57-A9FF-DFC544DD9EAC}"
EndProject
Project("{2150E333-8FDC-42A3-9474-1A3956D46DE8}") = "tests", "tests", "{6F904894-FD50-48E3-906C-6586D87A9BB7}"
EndProject
Project("{FAE04EC0-301F-11D3-BF4B-00C04F79EFBC}") = "Dashboard.Demo.API", "src\Dashboard.Web.API\Dashboard.Demo.API.csproj", "{8AF7388F-C800-40E8-85E4-8E7F0E1E19CE}"
EndProject
Project("{FAE04EC0-301F-11D3-BF4B-00C04F79EFBC}") = "Dashboard.Web.API.Test", "tests\Dashboard.Web.API.Test\Dashboard.Web.API.Test.csproj", "{18AA8B34-76E7-4F32-92C2-96DC648B2FF5}"
EndProject
Project("{FAE04EC0-301F-11D3-BF4B-00C04F79EFBC}") = "Dashboard.Core", "src\Dashboard.Core\Dashboard.Core.csproj", "{8CE324EB-A681-4486-BE59-07F45E636732}"
EndProject
Project("{FAE04EC0-301F-11D3-BF4B-00C04F79EFBC}") = "Dashboard.Infrastructure", "src\Dashboard.Infrastructure\Dashboard.Infrastructure.csproj", "{322610DE-17F6-46AC-A55E-916116E5D4AF}"
EndProject
Project("{FAE04EC0-301F-11D3-BF4B-00C04F79EFBC}") = "Dashboard.SharedKernel", "src\Dashboard.SharedKernel\Dashboard.SharedKernel.csproj", "{0492ED22-4509-44BC-B80D-DCCED1A2B3B2}"
EndProject
Project("{2150E333-8FDC-42A3-9474-1A3956D46DE8}") = "Utilties", "Utilties", "{429B26F6-EA80-414C-904D-A10850014164}"
EndProject
Project("{FAE04EC0-301F-11D3-BF4B-00C04F79EFBC}") = "Dashboard.Data.Seed", "src\Dashboard.Data.Seed\Dashboard.Data.Seed.csproj", "{C5EDDD80-9F24-48FE-9438-B44435C62526}"
EndProject
Project("{FAE04EC0-301F-11D3-BF4B-00C04F79EFBC}") = "Dashboard.API.DataServices", "src\Dashboard.API.DataServices\Dashboard.API.DataServices.csproj", "{F8338A15-1385-4E0E-AE50-62418A9FC1B9}"
EndProject
Project("{FAE04EC0-301F-11D3-BF4B-00C04F79EFBC}") = "AWSPlayGround", "src\AWSPlayGround\AWSPlayGround.csproj", "{98FD688F-DC75-41D9-9E82-A9F7C4972649}"
EndProject
Global
	GlobalSection(SolutionConfigurationPlatforms) = preSolution
		Debug|Any CPU = Debug|Any CPU
		Release|Any CPU = Release|Any CPU
	EndGlobalSection
	GlobalSection(NestedProjects) = preSolution
		{8AF7388F-C800-40E8-85E4-8E7F0E1E19CE} = {931C972A-0606-4B57-A9FF-DFC544DD9EAC}
		{18AA8B34-76E7-4F32-92C2-96DC648B2FF5} = {6F904894-FD50-48E3-906C-6586D87A9BB7}
		{8CE324EB-A681-4486-BE59-07F45E636732} = {931C972A-0606-4B57-A9FF-DFC544DD9EAC}
		{322610DE-17F6-46AC-A55E-916116E5D4AF} = {931C972A-0606-4B57-A9FF-DFC544DD9EAC}
		{0492ED22-4509-44BC-B80D-DCCED1A2B3B2} = {931C972A-0606-4B57-A9FF-DFC544DD9EAC}
		{429B26F6-EA80-414C-904D-A10850014164} = {931C972A-0606-4B57-A9FF-DFC544DD9EAC}
		{C5EDDD80-9F24-48FE-9438-B44435C62526} = {429B26F6-EA80-414C-904D-A10850014164}
		{F8338A15-1385-4E0E-AE50-62418A9FC1B9} = {931C972A-0606-4B57-A9FF-DFC544DD9EAC}
		{98FD688F-DC75-41D9-9E82-A9F7C4972649} = {429B26F6-EA80-414C-904D-A10850014164}
	EndGlobalSection
	GlobalSection(ProjectConfigurationPlatforms) = postSolution
		{8AF7388F-C800-40E8-85E4-8E7F0E1E19CE}.Debug|Any CPU.ActiveCfg = Debug|Any CPU
		{8AF7388F-C800-40E8-85E4-8E7F0E1E19CE}.Debug|Any CPU.Build.0 = Debug|Any CPU
		{8AF7388F-C800-40E8-85E4-8E7F0E1E19CE}.Release|Any CPU.ActiveCfg = Release|Any CPU
		{8AF7388F-C800-40E8-85E4-8E7F0E1E19CE}.Release|Any CPU.Build.0 = Release|Any CPU
		{18AA8B34-76E7-4F32-92C2-96DC648B2FF5}.Debug|Any CPU.ActiveCfg = Debug|Any CPU
		{18AA8B34-76E7-4F32-92C2-96DC648B2FF5}.Debug|Any CPU.Build.0 = Debug|Any CPU
		{18AA8B34-76E7-4F32-92C2-96DC648B2FF5}.Release|Any CPU.ActiveCfg = Release|Any CPU
		{18AA8B34-76E7-4F32-92C2-96DC648B2FF5}.Release|Any CPU.Build.0 = Release|Any CPU
		{8CE324EB-A681-4486-BE59-07F45E636732}.Debug|Any CPU.ActiveCfg = Debug|Any CPU
		{8CE324EB-A681-4486-BE59-07F45E636732}.Debug|Any CPU.Build.0 = Debug|Any CPU
		{8CE324EB-A681-4486-BE59-07F45E636732}.Release|Any CPU.ActiveCfg = Release|Any CPU
		{8CE324EB-A681-4486-BE59-07F45E636732}.Release|Any CPU.Build.0 = Release|Any CPU
		{322610DE-17F6-46AC-A55E-916116E5D4AF}.Debug|Any CPU.ActiveCfg = Debug|Any CPU
		{322610DE-17F6-46AC-A55E-916116E5D4AF}.Debug|Any CPU.Build.0 = Debug|Any CPU
		{322610DE-17F6-46AC-A55E-916116E5D4AF}.Release|Any CPU.ActiveCfg = Release|Any CPU
		{322610DE-17F6-46AC-A55E-916116E5D4AF}.Release|Any CPU.Build.0 = Release|Any CPU
		{0492ED22-4509-44BC-B80D-DCCED1A2B3B2}.Debug|Any CPU.ActiveCfg = Debug|Any CPU
		{0492ED22-4509-44BC-B80D-DCCED1A2B3B2}.Debug|Any CPU.Build.0 = Debug|Any CPU
		{0492ED22-4509-44BC-B80D-DCCED1A2B3B2}.Release|Any CPU.ActiveCfg = Release|Any CPU
		{0492ED22-4509-44BC-B80D-DCCED1A2B3B2}.Release|Any CPU.Build.0 = Release|Any CPU
		{C5EDDD80-9F24-48FE-9438-B44435C62526}.Debug|Any CPU.ActiveCfg = Debug|Any CPU
		{C5EDDD80-9F24-48FE-9438-B44435C62526}.Debug|Any CPU.Build.0 = Debug|Any CPU
		{C5EDDD80-9F24-48FE-9438-B44435C62526}.Release|Any CPU.ActiveCfg = Release|Any CPU
		{C5EDDD80-9F24-48FE-9438-B44435C62526}.Release|Any CPU.Build.0 = Release|Any CPU
		{F8338A15-1385-4E0E-AE50-62418A9FC1B9}.Debug|Any CPU.ActiveCfg = Debug|Any CPU
		{F8338A15-1385-4E0E-AE50-62418A9FC1B9}.Debug|Any CPU.Build.0 = Debug|Any CPU
		{F8338A15-1385-4E0E-AE50-62418A9FC1B9}.Release|Any CPU.ActiveCfg = Release|Any CPU
		{F8338A15-1385-4E0E-AE50-62418A9FC1B9}.Release|Any CPU.Build.0 = Release|Any CPU
		{98FD688F-DC75-41D9-9E82-A9F7C4972649}.Debug|Any CPU.ActiveCfg = Debug|Any CPU
		{98FD688F-DC75-41D9-9E82-A9F7C4972649}.Debug|Any CPU.Build.0 = Debug|Any CPU
		{98FD688F-DC75-41D9-9E82-A9F7C4972649}.Release|Any CPU.ActiveCfg = Release|Any CPU
		{98FD688F-DC75-41D9-9E82-A9F7C4972649}.Release|Any CPU.Build.0 = Release|Any CPU
	EndGlobalSection
EndGlobal
